// !$*UTF8*$!
{
	archiveVersion = 1;
	classes = {
	};
	objectVersion = 46;
	objects = {

/* Begin PBXBuildFile section */
		184C686E1C89A0FE006DF9E3 /* Player close@2x.png in Resources */ = {isa = PBXBuildFile; fileRef = 184C685A1C89A0FE006DF9E3 /* Player close@2x.png */; };
		184C686F1C89A0FE006DF9E3 /* Player close@3x.png in Resources */ = {isa = PBXBuildFile; fileRef = 184C685B1C89A0FE006DF9E3 /* Player close@3x.png */; };
		184C687B1C89A0FE006DF9E3 /* MRVideoHUDView.m in Sources */ = {isa = PBXBuildFile; fileRef = 184C686B1C89A0FE006DF9E3 /* MRVideoHUDView.m */; };
		184C687F1C8AC35E006DF9E3 /* MRVLCPlayer.mm in Sources */ = {isa = PBXBuildFile; fileRef = 184C687E1C8AC35E006DF9E3 /* MRVLCPlayer.mm */; };
		18D6289C1C7DC3B800DDA9E7 /* main.m in Sources */ = {isa = PBXBuildFile; fileRef = 18D6289B1C7DC3B800DDA9E7 /* main.m */; };
		18D6289F1C7DC3B800DDA9E7 /* AppDelegate.m in Sources */ = {isa = PBXBuildFile; fileRef = 18D6289E1C7DC3B800DDA9E7 /* AppDelegate.m */; };
		18D628A21C7DC3B800DDA9E7 /* ViewController.m in Sources */ = {isa = PBXBuildFile; fileRef = 18D628A11C7DC3B800DDA9E7 /* ViewController.m */; };
		18D628A51C7DC3B800DDA9E7 /* Main.storyboard in Resources */ = {isa = PBXBuildFile; fileRef = 18D628A31C7DC3B800DDA9E7 /* Main.storyboard */; };
		18D628A71C7DC3B800DDA9E7 /* Assets.xcassets in Resources */ = {isa = PBXBuildFile; fileRef = 18D628A61C7DC3B800DDA9E7 /* Assets.xcassets */; };
		18D628AA1C7DC3B800DDA9E7 /* LaunchScreen.storyboard in Resources */ = {isa = PBXBuildFile; fileRef = 18D628A81C7DC3B800DDA9E7 /* LaunchScreen.storyboard */; };
		18D628B21C7DC3CC00DDA9E7 /* MobileVLCKit.framework in Frameworks */ = {isa = PBXBuildFile; fileRef = 18D628B11C7DC3CC00DDA9E7 /* MobileVLCKit.framework */; };
		18D628DF1C7DC4AB00DDA9E7 /* libbz2.1.0.dylib in Frameworks */ = {isa = PBXBuildFile; fileRef = 18D628D31C7DC4AB00DDA9E7 /* libbz2.1.0.dylib */; };
		18D628E01C7DC4AB00DDA9E7 /* libz.1.dylib in Frameworks */ = {isa = PBXBuildFile; fileRef = 18D628D41C7DC4AB00DDA9E7 /* libz.1.dylib */; };
		18D628E11C7DC4AB00DDA9E7 /* libc++.1.dylib in Frameworks */ = {isa = PBXBuildFile; fileRef = 18D628D51C7DC4AB00DDA9E7 /* libc++.1.dylib */; };
		18D628E21C7DC4AB00DDA9E7 /* libiconv.2.dylib in Frameworks */ = {isa = PBXBuildFile; fileRef = 18D628D61C7DC4AB00DDA9E7 /* libiconv.2.dylib */; };
		18D628E31C7DC4AB00DDA9E7 /* libstdc++.6.0.9.dylib in Frameworks */ = {isa = PBXBuildFile; fileRef = 18D628D71C7DC4AB00DDA9E7 /* libstdc++.6.0.9.dylib */; };
		18D628E41C7DC4AB00DDA9E7 /* MediaPlayer.framework in Frameworks */ = {isa = PBXBuildFile; fileRef = 18D628D81C7DC4AB00DDA9E7 /* MediaPlayer.framework */; };
		18D628E51C7DC4AB00DDA9E7 /* AVFoundation.framework in Frameworks */ = {isa = PBXBuildFile; fileRef = 18D628D91C7DC4AB00DDA9E7 /* AVFoundation.framework */; };
		18D628E61C7DC4AB00DDA9E7 /* CoreAudio.framework in Frameworks */ = {isa = PBXBuildFile; fileRef = 18D628DA1C7DC4AB00DDA9E7 /* CoreAudio.framework */; };
		18D628E71C7DC4AB00DDA9E7 /* CoreVideo.framework in Frameworks */ = {isa = PBXBuildFile; fileRef = 18D628DB1C7DC4AB00DDA9E7 /* CoreVideo.framework */; };
		18D628E81C7DC4AB00DDA9E7 /* CoreMedia.framework in Frameworks */ = {isa = PBXBuildFile; fileRef = 18D628DC1C7DC4AB00DDA9E7 /* CoreMedia.framework */; };
		18D628E91C7DC4AB00DDA9E7 /* VideoToolbox.framework in Frameworks */ = {isa = PBXBuildFile; fileRef = 18D628DD1C7DC4AB00DDA9E7 /* VideoToolbox.framework */; };
		18D628EA1C7DC4AB00DDA9E7 /* AudioToolbox.framework in Frameworks */ = {isa = PBXBuildFile; fileRef = 18D628DE1C7DC4AB00DDA9E7 /* AudioToolbox.framework */; };
		42B02DBB1C8E70D9002ACACC /* Full Screen Icon.png in Resources */ = {isa = PBXBuildFile; fileRef = 42B02DA91C8E70D9002ACACC /* Full Screen Icon.png */; };
		42B02DBC1C8E70D9002ACACC /* Full Screen Icon@2x.png in Resources */ = {isa = PBXBuildFile; fileRef = 42B02DAA1C8E70D9002ACACC /* Full Screen Icon@2x.png */; };
		42B02DBD1C8E70D9002ACACC /* Full Screen Icon@3x.png in Resources */ = {isa = PBXBuildFile; fileRef = 42B02DAB1C8E70D9002ACACC /* Full Screen Icon@3x.png */; };
		42B02DBE1C8E70D9002ACACC /* Min. Icon.png in Resources */ = {isa = PBXBuildFile; fileRef = 42B02DAC1C8E70D9002ACACC /* Min. Icon.png */; };
		42B02DBF1C8E70D9002ACACC /* Min. Icon@2x.png in Resources */ = {isa = PBXBuildFile; fileRef = 42B02DAD1C8E70D9002ACACC /* Min. Icon@2x.png */; };
		42B02DC01C8E70D9002ACACC /* Min. Icon@3x.png in Resources */ = {isa = PBXBuildFile; fileRef = 42B02DAE1C8E70D9002ACACC /* Min. Icon@3x.png */; };
		42B02DC11C8E70D9002ACACC /* Pause Icon.png in Resources */ = {isa = PBXBuildFile; fileRef = 42B02DAF1C8E70D9002ACACC /* Pause Icon.png */; };
		42B02DC21C8E70D9002ACACC /* Pause Icon@2x.png in Resources */ = {isa = PBXBuildFile; fileRef = 42B02DB01C8E70D9002ACACC /* Pause Icon@2x.png */; };
		42B02DC31C8E70D9002ACACC /* Pause Icon@3x.png in Resources */ = {isa = PBXBuildFile; fileRef = 42B02DB11C8E70D9002ACACC /* Pause Icon@3x.png */; };
		42B02DC41C8E70D9002ACACC /* Play Icon.png in Resources */ = {isa = PBXBuildFile; fileRef = 42B02DB21C8E70D9002ACACC /* Play Icon.png */; };
		42B02DC51C8E70D9002ACACC /* Play Icon@2x.png in Resources */ = {isa = PBXBuildFile; fileRef = 42B02DB31C8E70D9002ACACC /* Play Icon@2x.png */; };
		42B02DC61C8E70D9002ACACC /* Play Icon@3x.png in Resources */ = {isa = PBXBuildFile; fileRef = 42B02DB41C8E70D9002ACACC /* Play Icon@3x.png */; };
		42B02DCA1C8E70D9002ACACC /* Video Bg.png in Resources */ = {isa = PBXBuildFile; fileRef = 42B02DB81C8E70D9002ACACC /* Video Bg.png */; };
		42B02DCB1C8E70D9002ACACC /* Video Bg@2x.png in Resources */ = {isa = PBXBuildFile; fileRef = 42B02DB91C8E70D9002ACACC /* Video Bg@2x.png */; };
		42B02DCC1C8E70D9002ACACC /* Video Bg@3x.png in Resources */ = {isa = PBXBuildFile; fileRef = 42B02DBA1C8E70D9002ACACC /* Video Bg@3x.png */; };
		42B02DCF1C8E70FF002ACACC /* MRVideoControlView.m in Sources */ = {isa = PBXBuildFile; fileRef = 42B02DCE1C8E70FF002ACACC /* MRVideoControlView.m */; };
		42E8F58A1C8E76B800A3A595 /* Player Control Nob@3x.png in Resources */ = {isa = PBXBuildFile; fileRef = 42E8F5871C8E76B800A3A595 /* Player Control Nob@3x.png */; };
		42E8F58B1C8E76B800A3A595 /* Player Control Nob@2x.png in Resources */ = {isa = PBXBuildFile; fileRef = 42E8F5881C8E76B800A3A595 /* Player Control Nob@2x.png */; };
		42E8F58C1C8E76B800A3A595 /* Player Control Nob.png in Resources */ = {isa = PBXBuildFile; fileRef = 42E8F5891C8E76B800A3A595 /* Player Control Nob.png */; };
		42E8F58F1C8E776500A3A595 /* MRProgressSlider.m in Sources */ = {isa = PBXBuildFile; fileRef = 42E8F58E1C8E776500A3A595 /* MRProgressSlider.m */; };
		42E8F5941C8E7F6600A3A595 /* Sound Icon.png in Resources */ = {isa = PBXBuildFile; fileRef = 42E8F5911C8E7F6600A3A595 /* Sound Icon.png */; };
		42E8F5951C8E7F6600A3A595 /* Sound Icon@2x.png in Resources */ = {isa = PBXBuildFile; fileRef = 42E8F5921C8E7F6600A3A595 /* Sound Icon@2x.png */; };
		42E8F5961C8E7F6600A3A595 /* Sound Icon@3x.png in Resources */ = {isa = PBXBuildFile; fileRef = 42E8F5931C8E7F6600A3A595 /* Sound Icon@3x.png */; };
/* End PBXBuildFile section */

/* Begin PBXFileReference section */
		184C685A1C89A0FE006DF9E3 /* Player close@2x.png */ = {isa = PBXFileReference; lastKnownFileType = image.png; path = "Player close@2x.png"; sourceTree = "<group>"; };
		184C685B1C89A0FE006DF9E3 /* Player close@3x.png */ = {isa = PBXFileReference; lastKnownFileType = image.png; path = "Player close@3x.png"; sourceTree = "<group>"; };
		184C686A1C89A0FE006DF9E3 /* MRVideoHUDView.h */ = {isa = PBXFileReference; fileEncoding = 4; lastKnownFileType = sourcecode.c.h; path = MRVideoHUDView.h; sourceTree = "<group>"; };
		184C686B1C89A0FE006DF9E3 /* MRVideoHUDView.m */ = {isa = PBXFileReference; fileEncoding = 4; lastKnownFileType = sourcecode.c.objc; path = MRVideoHUDView.m; sourceTree = "<group>"; };
		184C687D1C8AC35E006DF9E3 /* MRVLCPlayer.h */ = {isa = PBXFileReference; fileEncoding = 4; lastKnownFileType = sourcecode.c.h; path = MRVLCPlayer.h; sourceTree = "<group>"; };
		184C687E1C8AC35E006DF9E3 /* MRVLCPlayer.mm */ = {isa = PBXFileReference; fileEncoding = 4; lastKnownFileType = sourcecode.cpp.objcpp; path = MRVLCPlayer.mm; sourceTree = "<group>"; };
		18D628971C7DC3B800DDA9E7 /* MRVLCPlayer.app */ = {isa = PBXFileReference; explicitFileType = wrapper.application; includeInIndex = 0; path = MRVLCPlayer.app; sourceTree = BUILT_PRODUCTS_DIR; };
		18D6289B1C7DC3B800DDA9E7 /* main.m */ = {isa = PBXFileReference; lastKnownFileType = sourcecode.c.objc; path = main.m; sourceTree = "<group>"; };
		18D6289D1C7DC3B800DDA9E7 /* AppDelegate.h */ = {isa = PBXFileReference; lastKnownFileType = sourcecode.c.h; path = AppDelegate.h; sourceTree = "<group>"; };
		18D6289E1C7DC3B800DDA9E7 /* AppDelegate.m */ = {isa = PBXFileReference; lastKnownFileType = sourcecode.c.objc; path = AppDelegate.m; sourceTree = "<group>"; };
		18D628A01C7DC3B800DDA9E7 /* ViewController.h */ = {isa = PBXFileReference; lastKnownFileType = sourcecode.c.h; path = ViewController.h; sourceTree = "<group>"; };
		18D628A11C7DC3B800DDA9E7 /* ViewController.m */ = {isa = PBXFileReference; lastKnownFileType = sourcecode.c.objc; path = ViewController.m; sourceTree = "<group>"; };
		18D628A41C7DC3B800DDA9E7 /* Base */ = {isa = PBXFileReference; lastKnownFileType = file.storyboard; name = Base; path = Base.lproj/Main.storyboard; sourceTree = "<group>"; };
		18D628A61C7DC3B800DDA9E7 /* Assets.xcassets */ = {isa = PBXFileReference; lastKnownFileType = folder.assetcatalog; path = Assets.xcassets; sourceTree = "<group>"; };
		18D628A91C7DC3B800DDA9E7 /* Base */ = {isa = PBXFileReference; lastKnownFileType = file.storyboard; name = Base; path = Base.lproj/LaunchScreen.storyboard; sourceTree = "<group>"; };
		18D628AB1C7DC3B800DDA9E7 /* Info.plist */ = {isa = PBXFileReference; lastKnownFileType = text.plist.xml; path = Info.plist; sourceTree = "<group>"; };
		18D628B11C7DC3CC00DDA9E7 /* MobileVLCKit.framework */ = {isa = PBXFileReference; lastKnownFileType = wrapper.framework; name = MobileVLCKit.framework; path = ../../../build/MobileVLCKit.framework; sourceTree = "<group>"; };
		18D628D31C7DC4AB00DDA9E7 /* libbz2.1.0.dylib */ = {isa = PBXFileReference; lastKnownFileType = "compiled.mach-o.dylib"; name = libbz2.1.0.dylib; path = ../../../../../../usr/lib/libbz2.1.0.dylib; sourceTree = "<group>"; };
		18D628D41C7DC4AB00DDA9E7 /* libz.1.dylib */ = {isa = PBXFileReference; lastKnownFileType = "compiled.mach-o.dylib"; name = libz.1.dylib; path = ../../../../../../usr/lib/libz.1.dylib; sourceTree = "<group>"; };
		18D628D51C7DC4AB00DDA9E7 /* libc++.1.dylib */ = {isa = PBXFileReference; lastKnownFileType = "compiled.mach-o.dylib"; name = "libc++.1.dylib"; path = "../../../../../../usr/lib/libc++.1.dylib"; sourceTree = "<group>"; };
		18D628D61C7DC4AB00DDA9E7 /* libiconv.2.dylib */ = {isa = PBXFileReference; lastKnownFileType = "compiled.mach-o.dylib"; name = libiconv.2.dylib; path = ../../../../../../usr/lib/libiconv.2.dylib; sourceTree = "<group>"; };
		18D628D71C7DC4AB00DDA9E7 /* libstdc++.6.0.9.dylib */ = {isa = PBXFileReference; lastKnownFileType = "compiled.mach-o.dylib"; name = "libstdc++.6.0.9.dylib"; path = "../../../../../../usr/lib/libstdc++.6.0.9.dylib"; sourceTree = "<group>"; };
		18D628D81C7DC4AB00DDA9E7 /* MediaPlayer.framework */ = {isa = PBXFileReference; lastKnownFileType = wrapper.framework; name = MediaPlayer.framework; path = System/Library/Frameworks/MediaPlayer.framework; sourceTree = SDKROOT; };
		18D628D91C7DC4AB00DDA9E7 /* AVFoundation.framework */ = {isa = PBXFileReference; lastKnownFileType = wrapper.framework; name = AVFoundation.framework; path = System/Library/Frameworks/AVFoundation.framework; sourceTree = SDKROOT; };
		18D628DA1C7DC4AB00DDA9E7 /* CoreAudio.framework */ = {isa = PBXFileReference; lastKnownFileType = wrapper.framework; name = CoreAudio.framework; path = System/Library/Frameworks/CoreAudio.framework; sourceTree = SDKROOT; };
		18D628DB1C7DC4AB00DDA9E7 /* CoreVideo.framework */ = {isa = PBXFileReference; lastKnownFileType = wrapper.framework; name = CoreVideo.framework; path = System/Library/Frameworks/CoreVideo.framework; sourceTree = SDKROOT; };
		18D628DC1C7DC4AB00DDA9E7 /* CoreMedia.framework */ = {isa = PBXFileReference; lastKnownFileType = wrapper.framework; name = CoreMedia.framework; path = System/Library/Frameworks/CoreMedia.framework; sourceTree = SDKROOT; };
		18D628DD1C7DC4AB00DDA9E7 /* VideoToolbox.framework */ = {isa = PBXFileReference; lastKnownFileType = wrapper.framework; name = VideoToolbox.framework; path = System/Library/Frameworks/VideoToolbox.framework; sourceTree = SDKROOT; };
		18D628DE1C7DC4AB00DDA9E7 /* AudioToolbox.framework */ = {isa = PBXFileReference; lastKnownFileType = wrapper.framework; name = AudioToolbox.framework; path = System/Library/Frameworks/AudioToolbox.framework; sourceTree = SDKROOT; };
		42B02DA91C8E70D9002ACACC /* Full Screen Icon.png */ = {isa = PBXFileReference; lastKnownFileType = image.png; path = "Full Screen Icon.png"; sourceTree = "<group>"; };
		42B02DAA1C8E70D9002ACACC /* Full Screen Icon@2x.png */ = {isa = PBXFileReference; lastKnownFileType = image.png; path = "Full Screen Icon@2x.png"; sourceTree = "<group>"; };
		42B02DAB1C8E70D9002ACACC /* Full Screen Icon@3x.png */ = {isa = PBXFileReference; lastKnownFileType = image.png; path = "Full Screen Icon@3x.png"; sourceTree = "<group>"; };
		42B02DAC1C8E70D9002ACACC /* Min. Icon.png */ = {isa = PBXFileReference; lastKnownFileType = image.png; path = "Min. Icon.png"; sourceTree = "<group>"; };
		42B02DAD1C8E70D9002ACACC /* Min. Icon@2x.png */ = {isa = PBXFileReference; lastKnownFileType = image.png; path = "Min. Icon@2x.png"; sourceTree = "<group>"; };
		42B02DAE1C8E70D9002ACACC /* Min. Icon@3x.png */ = {isa = PBXFileReference; lastKnownFileType = image.png; path = "Min. Icon@3x.png"; sourceTree = "<group>"; };
		42B02DAF1C8E70D9002ACACC /* Pause Icon.png */ = {isa = PBXFileReference; lastKnownFileType = image.png; path = "Pause Icon.png"; sourceTree = "<group>"; };
		42B02DB01C8E70D9002ACACC /* Pause Icon@2x.png */ = {isa = PBXFileReference; lastKnownFileType = image.png; path = "Pause Icon@2x.png"; sourceTree = "<group>"; };
		42B02DB11C8E70D9002ACACC /* Pause Icon@3x.png */ = {isa = PBXFileReference; lastKnownFileType = image.png; path = "Pause Icon@3x.png"; sourceTree = "<group>"; };
		42B02DB21C8E70D9002ACACC /* Play Icon.png */ = {isa = PBXFileReference; lastKnownFileType = image.png; path = "Play Icon.png"; sourceTree = "<group>"; };
		42B02DB31C8E70D9002ACACC /* Play Icon@2x.png */ = {isa = PBXFileReference; lastKnownFileType = image.png; path = "Play Icon@2x.png"; sourceTree = "<group>"; };
		42B02DB41C8E70D9002ACACC /* Play Icon@3x.png */ = {isa = PBXFileReference; lastKnownFileType = image.png; path = "Play Icon@3x.png"; sourceTree = "<group>"; };
		42B02DB81C8E70D9002ACACC /* Video Bg.png */ = {isa = PBXFileReference; lastKnownFileType = image.png; path = "Video Bg.png"; sourceTree = "<group>"; };
		42B02DB91C8E70D9002ACACC /* Video Bg@2x.png */ = {isa = PBXFileReference; lastKnownFileType = image.png; path = "Video Bg@2x.png"; sourceTree = "<group>"; };
		42B02DBA1C8E70D9002ACACC /* Video Bg@3x.png */ = {isa = PBXFileReference; lastKnownFileType = image.png; path = "Video Bg@3x.png"; sourceTree = "<group>"; };
		42B02DCD1C8E70FF002ACACC /* MRVideoControlView.h */ = {isa = PBXFileReference; fileEncoding = 4; lastKnownFileType = sourcecode.c.h; path = MRVideoControlView.h; sourceTree = "<group>"; };
		42B02DCE1C8E70FF002ACACC /* MRVideoControlView.m */ = {isa = PBXFileReference; fileEncoding = 4; lastKnownFileType = sourcecode.c.objc; path = MRVideoControlView.m; sourceTree = "<group>"; };
		42E8F5871C8E76B800A3A595 /* Player Control Nob@3x.png */ = {isa = PBXFileReference; lastKnownFileType = image.png; path = "Player Control Nob@3x.png"; sourceTree = "<group>"; };
		42E8F5881C8E76B800A3A595 /* Player Control Nob@2x.png */ = {isa = PBXFileReference; lastKnownFileType = image.png; path = "Player Control Nob@2x.png"; sourceTree = "<group>"; };
		42E8F5891C8E76B800A3A595 /* Player Control Nob.png */ = {isa = PBXFileReference; lastKnownFileType = image.png; path = "Player Control Nob.png"; sourceTree = "<group>"; };
		42E8F58D1C8E776500A3A595 /* MRProgressSlider.h */ = {isa = PBXFileReference; fileEncoding = 4; lastKnownFileType = sourcecode.c.h; path = MRProgressSlider.h; sourceTree = "<group>"; };
		42E8F58E1C8E776500A3A595 /* MRProgressSlider.m */ = {isa = PBXFileReference; fileEncoding = 4; lastKnownFileType = sourcecode.c.objc; path = MRProgressSlider.m; sourceTree = "<group>"; };
		42E8F5901C8E7A7800A3A595 /* 1.mp4 */ = {isa = PBXFileReference; lastKnownFileType = file; path = 1.mp4; sourceTree = "<group>"; };
		42E8F5911C8E7F6600A3A595 /* Sound Icon.png */ = {isa = PBXFileReference; lastKnownFileType = image.png; path = "Sound Icon.png"; sourceTree = "<group>"; };
		42E8F5921C8E7F6600A3A595 /* Sound Icon@2x.png */ = {isa = PBXFileReference; lastKnownFileType = image.png; path = "Sound Icon@2x.png"; sourceTree = "<group>"; };
		42E8F5931C8E7F6600A3A595 /* Sound Icon@3x.png */ = {isa = PBXFileReference; lastKnownFileType = image.png; path = "Sound Icon@3x.png"; sourceTree = "<group>"; };
/* End PBXFileReference section */

/* Begin PBXFrameworksBuildPhase section */
		18D628941C7DC3B800DDA9E7 /* Frameworks */ = {
			isa = PBXFrameworksBuildPhase;
			buildActionMask = 2147483647;
			files = (
				18D628E61C7DC4AB00DDA9E7 /* CoreAudio.framework in Frameworks */,
				18D628E81C7DC4AB00DDA9E7 /* CoreMedia.framework in Frameworks */,
				18D628E51C7DC4AB00DDA9E7 /* AVFoundation.framework in Frameworks */,
				18D628DF1C7DC4AB00DDA9E7 /* libbz2.1.0.dylib in Frameworks */,
				18D628E01C7DC4AB00DDA9E7 /* libz.1.dylib in Frameworks */,
				18D628EA1C7DC4AB00DDA9E7 /* AudioToolbox.framework in Frameworks */,
				18D628E21C7DC4AB00DDA9E7 /* libiconv.2.dylib in Frameworks */,
				18D628E41C7DC4AB00DDA9E7 /* MediaPlayer.framework in Frameworks */,
				18D628B21C7DC3CC00DDA9E7 /* MobileVLCKit.framework in Frameworks */,
				18D628E91C7DC4AB00DDA9E7 /* VideoToolbox.framework in Frameworks */,
				18D628E11C7DC4AB00DDA9E7 /* libc++.1.dylib in Frameworks */,
				18D628E31C7DC4AB00DDA9E7 /* libstdc++.6.0.9.dylib in Frameworks */,
				18D628E71C7DC4AB00DDA9E7 /* CoreVideo.framework in Frameworks */,
			);
			runOnlyForDeploymentPostprocessing = 0;
		};
/* End PBXFrameworksBuildPhase section */

/* Begin PBXGroup section */
		184C68591C89A0FE006DF9E3 /* Asset */ = {
			isa = PBXGroup;
			children = (
				42E8F5911C8E7F6600A3A595 /* Sound Icon.png */,
				42E8F5921C8E7F6600A3A595 /* Sound Icon@2x.png */,
				42E8F5931C8E7F6600A3A595 /* Sound Icon@3x.png */,
				42E8F5871C8E76B800A3A595 /* Player Control Nob@3x.png */,
				42E8F5881C8E76B800A3A595 /* Player Control Nob@2x.png */,
				42E8F5891C8E76B800A3A595 /* Player Control Nob.png */,
				42B02DA91C8E70D9002ACACC /* Full Screen Icon.png */,
				42B02DAA1C8E70D9002ACACC /* Full Screen Icon@2x.png */,
				42B02DAB1C8E70D9002ACACC /* Full Screen Icon@3x.png */,
				42B02DAC1C8E70D9002ACACC /* Min. Icon.png */,
				42B02DAD1C8E70D9002ACACC /* Min. Icon@2x.png */,
				42B02DAE1C8E70D9002ACACC /* Min. Icon@3x.png */,
				42B02DAF1C8E70D9002ACACC /* Pause Icon.png */,
				42B02DB01C8E70D9002ACACC /* Pause Icon@2x.png */,
				42B02DB11C8E70D9002ACACC /* Pause Icon@3x.png */,
				42B02DB21C8E70D9002ACACC /* Play Icon.png */,
				42B02DB31C8E70D9002ACACC /* Play Icon@2x.png */,
				42B02DB41C8E70D9002ACACC /* Play Icon@3x.png */,
				42B02DB81C8E70D9002ACACC /* Video Bg.png */,
				42B02DB91C8E70D9002ACACC /* Video Bg@2x.png */,
				42B02DBA1C8E70D9002ACACC /* Video Bg@3x.png */,
				184C685A1C89A0FE006DF9E3 /* Player close@2x.png */,
				184C685B1C89A0FE006DF9E3 /* Player close@3x.png */,
			);
			path = Asset;
			sourceTree = "<group>";
		};
		184C68661C89A0FE006DF9E3 /* Classes */ = {
			isa = PBXGroup;
			children = (
				42E8F58D1C8E776500A3A595 /* MRProgressSlider.h */,
				42E8F58E1C8E776500A3A595 /* MRProgressSlider.m */,
				184C686A1C89A0FE006DF9E3 /* MRVideoHUDView.h */,
				184C686B1C89A0FE006DF9E3 /* MRVideoHUDView.m */,
				42B02DCD1C8E70FF002ACACC /* MRVideoControlView.h */,
				42B02DCE1C8E70FF002ACACC /* MRVideoControlView.m */,
				184C687D1C8AC35E006DF9E3 /* MRVLCPlayer.h */,
				184C687E1C8AC35E006DF9E3 /* MRVLCPlayer.mm */,
			);
			path = Classes;
			sourceTree = "<group>";
		};
		18D6288E1C7DC3B800DDA9E7 = {
			isa = PBXGroup;
			children = (
				18D628991C7DC3B800DDA9E7 /* MRVLCPlayer */,
				18D628981C7DC3B800DDA9E7 /* Products */,
			);
			sourceTree = "<group>";
		};
		18D628981C7DC3B800DDA9E7 /* Products */ = {
			isa = PBXGroup;
			children = (
				18D628971C7DC3B800DDA9E7 /* MRVLCPlayer.app */,
			);
			name = Products;
			sourceTree = "<group>";
		};
		18D628991C7DC3B800DDA9E7 /* MRVLCPlayer */ = {
			isa = PBXGroup;
			children = (
				184C68591C89A0FE006DF9E3 /* Asset */,
				184C68661C89A0FE006DF9E3 /* Classes */,
				18D6289D1C7DC3B800DDA9E7 /* AppDelegate.h */,
				18D6289E1C7DC3B800DDA9E7 /* AppDelegate.m */,
				18D628A01C7DC3B800DDA9E7 /* ViewController.h */,
				18D628A11C7DC3B800DDA9E7 /* ViewController.m */,
				18D628A31C7DC3B800DDA9E7 /* Main.storyboard */,
				18D628A61C7DC3B800DDA9E7 /* Assets.xcassets */,
				18D628A81C7DC3B800DDA9E7 /* LaunchScreen.storyboard */,
				18D628AB1C7DC3B800DDA9E7 /* Info.plist */,
				18D6289A1C7DC3B800DDA9E7 /* Supporting Files */,
			);
			path = MRVLCPlayer;
			sourceTree = "<group>";
		};
		18D6289A1C7DC3B800DDA9E7 /* Supporting Files */ = {
			isa = PBXGroup;
			children = (
				42E8F5901C8E7A7800A3A595 /* 1.mp4 */,
				18D628D31C7DC4AB00DDA9E7 /* libbz2.1.0.dylib */,
				18D628D41C7DC4AB00DDA9E7 /* libz.1.dylib */,
				18D628D51C7DC4AB00DDA9E7 /* libc++.1.dylib */,
				18D628D61C7DC4AB00DDA9E7 /* libiconv.2.dylib */,
				18D628D71C7DC4AB00DDA9E7 /* libstdc++.6.0.9.dylib */,
				18D628B11C7DC3CC00DDA9E7 /* MobileVLCKit.framework */,
				18D628D81C7DC4AB00DDA9E7 /* MediaPlayer.framework */,
				18D628D91C7DC4AB00DDA9E7 /* AVFoundation.framework */,
				18D628DA1C7DC4AB00DDA9E7 /* CoreAudio.framework */,
				18D628DB1C7DC4AB00DDA9E7 /* CoreVideo.framework */,
				18D628DC1C7DC4AB00DDA9E7 /* CoreMedia.framework */,
				18D628DD1C7DC4AB00DDA9E7 /* VideoToolbox.framework */,
				18D628DE1C7DC4AB00DDA9E7 /* AudioToolbox.framework */,
				18D6289B1C7DC3B800DDA9E7 /* main.m */,
			);
			name = "Supporting Files";
			sourceTree = "<group>";
		};
/* End PBXGroup section */

/* Begin PBXNativeTarget section */
		18D628961C7DC3B800DDA9E7 /* MRVLCPlayer */ = {
			isa = PBXNativeTarget;
			buildConfigurationList = 18D628AE1C7DC3B800DDA9E7 /* Build configuration list for PBXNativeTarget "MRVLCPlayer" */;
			buildPhases = (
				18D628931C7DC3B800DDA9E7 /* Sources */,
				18D628941C7DC3B800DDA9E7 /* Frameworks */,
				18D628951C7DC3B800DDA9E7 /* Resources */,
			);
			buildRules = (
			);
			dependencies = (
			);
			name = MRVLCPlayer;
			productName = MRVLCPlayer;
			productReference = 18D628971C7DC3B800DDA9E7 /* MRVLCPlayer.app */;
			productType = "com.apple.product-type.application";
		};
/* End PBXNativeTarget section */

/* Begin PBXProject section */
		18D6288F1C7DC3B800DDA9E7 /* Project object */ = {
			isa = PBXProject;
			attributes = {
				LastUpgradeCheck = 0720;
				ORGANIZATIONNAME = Alloc;
				TargetAttributes = {
					18D628961C7DC3B800DDA9E7 = {
						CreatedOnToolsVersion = 7.2;
						DevelopmentTeam = 678WD436L9;
					};
				};
			};
			buildConfigurationList = 18D628921C7DC3B800DDA9E7 /* Build configuration list for PBXProject "MRVLCPlayer" */;
			compatibilityVersion = "Xcode 3.2";
			developmentRegion = English;
			hasScannedForEncodings = 0;
			knownRegions = (
				en,
				Base,
			);
			mainGroup = 18D6288E1C7DC3B800DDA9E7;
			productRefGroup = 18D628981C7DC3B800DDA9E7 /* Products */;
			projectDirPath = "";
			projectRoot = "";
			targets = (
				18D628961C7DC3B800DDA9E7 /* MRVLCPlayer */,
			);
		};
/* End PBXProject section */

/* Begin PBXResourcesBuildPhase section */
		18D628951C7DC3B800DDA9E7 /* Resources */ = {
			isa = PBXResourcesBuildPhase;
			buildActionMask = 2147483647;
			files = (
				42B02DBD1C8E70D9002ACACC /* Full Screen Icon@3x.png in Resources */,
				184C686F1C89A0FE006DF9E3 /* Player close@3x.png in Resources */,
				42B02DC51C8E70D9002ACACC /* Play Icon@2x.png in Resources */,
				42E8F5961C8E7F6600A3A595 /* Sound Icon@3x.png in Resources */,
				42E8F58C1C8E76B800A3A595 /* Player Control Nob.png in Resources */,
				42B02DBB1C8E70D9002ACACC /* Full Screen Icon.png in Resources */,
				18D628AA1C7DC3B800DDA9E7 /* LaunchScreen.storyboard in Resources */,
				42B02DCC1C8E70D9002ACACC /* Video Bg@3x.png in Resources */,
				18D628A71C7DC3B800DDA9E7 /* Assets.xcassets in Resources */,
				42B02DCB1C8E70D9002ACACC /* Video Bg@2x.png in Resources */,
				18D628A51C7DC3B800DDA9E7 /* Main.storyboard in Resources */,
				42B02DBC1C8E70D9002ACACC /* Full Screen Icon@2x.png in Resources */,
				42E8F5941C8E7F6600A3A595 /* Sound Icon.png in Resources */,
				42B02DC41C8E70D9002ACACC /* Play Icon.png in Resources */,
				42B02DC01C8E70D9002ACACC /* Min. Icon@3x.png in Resources */,
				42E8F58A1C8E76B800A3A595 /* Player Control Nob@3x.png in Resources */,
				42E8F58B1C8E76B800A3A595 /* Player Control Nob@2x.png in Resources */,
				42B02DBE1C8E70D9002ACACC /* Min. Icon.png in Resources */,
				42B02DCA1C8E70D9002ACACC /* Video Bg.png in Resources */,
				42B02DBF1C8E70D9002ACACC /* Min. Icon@2x.png in Resources */,
				42B02DC61C8E70D9002ACACC /* Play Icon@3x.png in Resources */,
				42B02DC21C8E70D9002ACACC /* Pause Icon@2x.png in Resources */,
				42B02DC11C8E70D9002ACACC /* Pause Icon.png in Resources */,
				184C686E1C89A0FE006DF9E3 /* Player close@2x.png in Resources */,
				42B02DC31C8E70D9002ACACC /* Pause Icon@3x.png in Resources */,
				42E8F5951C8E7F6600A3A595 /* Sound Icon@2x.png in Resources */,
			);
			runOnlyForDeploymentPostprocessing = 0;
		};
/* End PBXResourcesBuildPhase section */

/* Begin PBXSourcesBuildPhase section */
		18D628931C7DC3B800DDA9E7 /* Sources */ = {
			isa = PBXSourcesBuildPhase;
			buildActionMask = 2147483647;
			files = (
				184C687F1C8AC35E006DF9E3 /* MRVLCPlayer.mm in Sources */,
				42B02DCF1C8E70FF002ACACC /* MRVideoControlView.m in Sources */,
				42E8F58F1C8E776500A3A595 /* MRProgressSlider.m in Sources */,
				18D628A21C7DC3B800DDA9E7 /* ViewController.m in Sources */,
				184C687B1C89A0FE006DF9E3 /* MRVideoHUDView.m in Sources */,
				18D6289F1C7DC3B800DDA9E7 /* AppDelegate.m in Sources */,
				18D6289C1C7DC3B800DDA9E7 /* main.m in Sources */,
			);
			runOnlyForDeploymentPostprocessing = 0;
		};
/* End PBXSourcesBuildPhase section */

/* Begin PBXVariantGroup section */
		18D628A31C7DC3B800DDA9E7 /* Main.storyboard */ = {
			isa = PBXVariantGroup;
			children = (
				18D628A41C7DC3B800DDA9E7 /* Base */,
			);
			name = Main.storyboard;
			sourceTree = "<group>";
		};
		18D628A81C7DC3B800DDA9E7 /* LaunchScreen.storyboard */ = {
			isa = PBXVariantGroup;
			children = (
				18D628A91C7DC3B800DDA9E7 /* Base */,
			);
			name = LaunchScreen.storyboard;
			sourceTree = "<group>";
		};
/* End PBXVariantGroup section */

/* Begin XCBuildConfiguration section */
		18D628AC1C7DC3B800DDA9E7 /* Debug */ = {
			isa = XCBuildConfiguration;
			buildSettings = {
				ALWAYS_SEARCH_USER_PATHS = NO;
				CLANG_CXX_LANGUAGE_STANDARD = "gnu++0x";
				CLANG_CXX_LIBRARY = "libc++";
				CLANG_ENABLE_MODULES = YES;
				CLANG_ENABLE_OBJC_ARC = YES;
				CLANG_WARN_BOOL_CONVERSION = YES;
				CLANG_WARN_CONSTANT_CONVERSION = YES;
				CLANG_WARN_DIRECT_OBJC_ISA_USAGE = YES_ERROR;
				CLANG_WARN_EMPTY_BODY = YES;
				CLANG_WARN_ENUM_CONVERSION = YES;
				CLANG_WARN_INT_CONVERSION = YES;
				CLANG_WARN_OBJC_ROOT_CLASS = YES_ERROR;
				CLANG_WARN_UNREACHABLE_CODE = YES;
				CLANG_WARN__DUPLICATE_METHOD_MATCH = YES;
				"CODE_SIGN_IDENTITY[sdk=iphoneos*]" = "iPhone Developer";
				COPY_PHASE_STRIP = NO;
				DEBUG_INFORMATION_FORMAT = dwarf;
				ENABLE_STRICT_OBJC_MSGSEND = YES;
				ENABLE_TESTABILITY = YES;
				GCC_C_LANGUAGE_STANDARD = gnu99;
				GCC_DYNAMIC_NO_PIC = NO;
				GCC_NO_COMMON_BLOCKS = YES;
				GCC_OPTIMIZATION_LEVEL = 0;
				GCC_PREPROCESSOR_DEFINITIONS = (
					"DEBUG=1",
					"$(inherited)",
				);
				GCC_WARN_64_TO_32_BIT_CONVERSION = YES;
				GCC_WARN_ABOUT_RETURN_TYPE = YES_ERROR;
				GCC_WARN_UNDECLARED_SELECTOR = YES;
				GCC_WARN_UNINITIALIZED_AUTOS = YES_AGGRESSIVE;
				GCC_WARN_UNUSED_FUNCTION = YES;
				GCC_WARN_UNUSED_VARIABLE = YES;
				IPHONEOS_DEPLOYMENT_TARGET = 9.2;
				MTL_ENABLE_DEBUG_INFO = YES;
				ONLY_ACTIVE_ARCH = YES;
				SDKROOT = iphoneos;
				TARGETED_DEVICE_FAMILY = "1,2";
			};
			name = Debug;
		};
		18D628AD1C7DC3B800DDA9E7 /* Release */ = {
			isa = XCBuildConfiguration;
			buildSettings = {
				ALWAYS_SEARCH_USER_PATHS = NO;
				CLANG_CXX_LANGUAGE_STANDARD = "gnu++0x";
				CLANG_CXX_LIBRARY = "libc++";
				CLANG_ENABLE_MODULES = YES;
				CLANG_ENABLE_OBJC_ARC = YES;
				CLANG_WARN_BOOL_CONVERSION = YES;
				CLANG_WARN_CONSTANT_CONVERSION = YES;
				CLANG_WARN_DIRECT_OBJC_ISA_USAGE = YES_ERROR;
				CLANG_WARN_EMPTY_BODY = YES;
				CLANG_WARN_ENUM_CONVERSION = YES;
				CLANG_WARN_INT_CONVERSION = YES;
				CLANG_WARN_OBJC_ROOT_CLASS = YES_ERROR;
				CLANG_WARN_UNREACHABLE_CODE = YES;
				CLANG_WARN__DUPLICATE_METHOD_MATCH = YES;
				"CODE_SIGN_IDENTITY[sdk=iphoneos*]" = "iPhone Developer";
				COPY_PHASE_STRIP = NO;
				DEBUG_INFORMATION_FORMAT = "dwarf-with-dsym";
				ENABLE_NS_ASSERTIONS = NO;
				ENABLE_STRICT_OBJC_MSGSEND = YES;
				GCC_C_LANGUAGE_STANDARD = gnu99;
				GCC_NO_COMMON_BLOCKS = YES;
				GCC_WARN_64_TO_32_BIT_CONVERSION = YES;
				GCC_WARN_ABOUT_RETURN_TYPE = YES_ERROR;
				GCC_WARN_UNDECLARED_SELECTOR = YES;
				GCC_WARN_UNINITIALIZED_AUTOS = YES_AGGRESSIVE;
				GCC_WARN_UNUSED_FUNCTION = YES;
				GCC_WARN_UNUSED_VARIABLE = YES;
				IPHONEOS_DEPLOYMENT_TARGET = 9.2;
				MTL_ENABLE_DEBUG_INFO = NO;
				SDKROOT = iphoneos;
				TARGETED_DEVICE_FAMILY = "1,2";
				VALIDATE_PRODUCT = YES;
			};
			name = Release;
		};
		18D628AF1C7DC3B800DDA9E7 /* Debug */ = {
			isa = XCBuildConfiguration;
			buildSettings = {
				ASSETCATALOG_COMPILER_APPICON_NAME = AppIcon;
				CLANG_CXX_LIBRARY = "libstdc++";
				ENABLE_BITCODE = NO;
				FRAMEWORK_SEARCH_PATHS = "\"$(SRCROOT)/../../Resource/SDK/MobileVLCKit-binary\"";
				INFOPLIST_FILE = MRVLCPlayer/Info.plist;
				IPHONEOS_DEPLOYMENT_TARGET = 9.1;
				LD_RUNPATH_SEARCH_PATHS = "$(inherited) @executable_path/Frameworks";
				PRODUCT_BUNDLE_IDENTIFIER = Alloc.MRVLCPlayer;
				PRODUCT_NAME = "$(TARGET_NAME)";
			};
			name = Debug;
		};
		18D628B01C7DC3B800DDA9E7 /* Release */ = {
			isa = XCBuildConfiguration;
			buildSettings = {
				ASSETCATALOG_COMPILER_APPICON_NAME = AppIcon;
				CLANG_CXX_LIBRARY = "libstdc++";
				ENABLE_BITCODE = NO;
				FRAMEWORK_SEARCH_PATHS = "\"$(SRCROOT)/../../Resource/SDK/MobileVLCKit-binary\"";
				INFOPLIST_FILE = MRVLCPlayer/Info.plist;
				IPHONEOS_DEPLOYMENT_TARGET = 9.1;
				LD_RUNPATH_SEARCH_PATHS = "$(inherited) @executable_path/Frameworks";
				PRODUCT_BUNDLE_IDENTIFIER = Alloc.MRVLCPlayer;
				PRODUCT_NAME = "$(TARGET_NAME)";
			};
			name = Release;
		};
/* End XCBuildConfiguration section */

/* Begin XCConfigurationList section */
		18D628921C7DC3B800DDA9E7 /* Build configuration list for PBXProject "MRVLCPlayer" */ = {
			isa = XCConfigurationList;
			buildConfigurations = (
				18D628AC1C7DC3B800DDA9E7 /* Debug */,
				18D628AD1C7DC3B800DDA9E7 /* Release */,
			);
			defaultConfigurationIsVisible = 0;
			defaultConfigurationName = Release;
		};
		18D628AE1C7DC3B800DDA9E7 /* Build configuration list for PBXNativeTarget "MRVLCPlayer" */ = {
			isa = XCConfigurationList;
			buildConfigurations = (
				18D628AF1C7DC3B800DDA9E7 /* Debug */,
				18D628B01C7DC3B800DDA9E7 /* Release */,
			);
			defaultConfigurationIsVisible = 0;
			defaultConfigurationName = Release;
		};
/* End XCConfigurationList section */
	};
	rootObject = 18D6288F1C7DC3B800DDA9E7 /* Project object */;
}
